
Microsoft Visual Studio Solution File, Format Version 12.00
# Visual Studio Version 17
VisualStudioVersion = 17.5.002.0
MinimumVisualStudioVersion = 10.0.40219.1
Project("{9A19103F-16F7-4668-BE54-9A1E7A4F7556}") = "BurnedProductsClient", "BurnedProductsClient\BurnedProductsClient.csproj", "{BD195173-C2AE-4B84-B402-8E3B204ED568}"
EndProject
Project("{9A19103F-16F7-4668-BE54-9A1E7A4F7556}") = "BurnedProductsServer", "BurnedProductsServer\BurnedProductsServer.csproj", "{0314299B-5C4D-46CB-B349-9BE645F9B977}"
EndProject
Global
	GlobalSection(SolutionConfigurationPlatforms) = preSolution
		Debug|Any CPU = Debug|Any CPU
		Release|Any CPU = Release|Any CPU
	EndGlobalSection
	GlobalSection(ProjectConfigurationPlatforms) = postSolution
		{BD195173-C2AE-4B84-B402-8E3B204ED568}.Debug|Any CPU.ActiveCfg = Debug|Any CPU
		{BD195173-C2AE-4B84-B402-8E3B204ED568}.Debug|Any CPU.Build.0 = Debug|Any CPU
		{BD195173-C2AE-4B84-B402-8E3B204ED568}.Release|Any CPU.ActiveCfg = Release|Any CPU
		{BD195173-C2AE-4B84-B402-8E3B204ED568}.Release|Any CPU.Build.0 = Release|Any CPU
		{0314299B-5C4D-46CB-B349-9BE645F9B977}.Debug|Any CPU.ActiveCfg = Debug|Any CPU
		{0314299B-5C4D-46CB-B349-9BE645F9B977}.Debug|Any CPU.Build.0 = Debug|Any CPU
		{0314299B-5C4D-46CB-B349-9BE645F9B977}.Release|Any CPU.ActiveCfg = Release|Any CPU
		{0314299B-5C4D-46CB-B349-9BE645F9B977}.Release|Any CPU.Build.0 = Release|Any CPU
	EndGlobalSection
	GlobalSection(SolutionProperties) = preSolution
		HideSolutionNode = FALSE
	EndGlobalSection
	GlobalSection(ExtensibilityGlobals) = postSolution
		SolutionGuid = {D3F39082-8B79-4729-8F7F-0B1AD23F7611}
	EndGlobalSection
EndGlobal
